
Microsoft Visual Studio Solution File, Format Version 12.00
# Visual Studio 14
VisualStudioVersion = 14.0.25420.1
MinimumVisualStudioVersion = 10.0.40219.1
Project("{8BC9CEB8-8B4A-11D0-8D11-00A0C91BC942}") = "Problem 01. Vehicle Managing System", "Problem 01. Vehicle Managing System\VehicleManagingSoftware.vcxproj", "{3F116F18-A3A9-415A-B74C-2E5224E74857}"
EndProject
Global
	GlobalSection(SolutionConfigurationPlatforms) = preSolution
		Debug|x64 = Debug|x64
		Debug|x86 = Debug|x86
		Release|x64 = Release|x64
		Release|x86 = Release|x86
	EndGlobalSection
	GlobalSection(ProjectConfigurationPlatforms) = postSolution
		{3F116F18-A3A9-415A-B74C-2E5224E74857}.Debug|x64.ActiveCfg = Debug|x64
		{3F116F18-A3A9-415A-B74C-2E5224E74857}.Debug|x64.Build.0 = Debug|x64
		{3F116F18-A3A9-415A-B74C-2E5224E74857}.Debug|x86.ActiveCfg = Debug|Win32
		{3F116F18-A3A9-415A-B74C-2E5224E74857}.Debug|x86.Build.0 = Debug|Win32
		{3F116F18-A3A9-415A-B74C-2E5224E74857}.Release|x64.ActiveCfg = Release|x64
		{3F116F18-A3A9-415A-B74C-2E5224E74857}.Release|x64.Build.0 = Release|x64
		{3F116F18-A3A9-415A-B74C-2E5224E74857}.Release|x86.ActiveCfg = Release|Win32
		{3F116F18-A3A9-415A-B74C-2E5224E74857}.Release|x86.Build.0 = Release|Win32
	EndGlobalSection
	GlobalSection(SolutionProperties) = preSolution
		HideSolutionNode = FALSE
	EndGlobalSection
EndGlobal
