
Microsoft Visual Studio Solution File, Format Version 12.00
# Visual Studio 14
VisualStudioVersion = 14.0.25420.1
MinimumVisualStudioVersion = 10.0.40219.1
Project("{8BC9CEB8-8B4A-11D0-8D11-00A0C91BC942}") = "Problem 01", "Problem 01\Problem_1.vcxproj", "{49CC5132-8577-4B60-AEBE-BF1D9E4C5DD7}"
EndProject
Project("{8BC9CEB8-8B4A-11D0-8D11-00A0C91BC942}") = "Problem 03", "Problem 03\Problem_3.vcxproj", "{9314D2A1-9193-4775-ADFC-340F38C0C342}"
EndProject
Project("{8BC9CEB8-8B4A-11D0-8D11-00A0C91BC942}") = "Problem 02", "Problem 02\Problem 02.vcxproj", "{5D30AF69-A050-4EBE-B4E6-C4F2A417CAFC}"
EndProject
Global
	GlobalSection(SolutionConfigurationPlatforms) = preSolution
		Debug|x64 = Debug|x64
		Debug|x86 = Debug|x86
		Release|x64 = Release|x64
		Release|x86 = Release|x86
	EndGlobalSection
	GlobalSection(ProjectConfigurationPlatforms) = postSolution
		{49CC5132-8577-4B60-AEBE-BF1D9E4C5DD7}.Debug|x64.ActiveCfg = Debug|x64
		{49CC5132-8577-4B60-AEBE-BF1D9E4C5DD7}.Debug|x64.Build.0 = Debug|x64
		{49CC5132-8577-4B60-AEBE-BF1D9E4C5DD7}.Debug|x86.ActiveCfg = Debug|Win32
		{49CC5132-8577-4B60-AEBE-BF1D9E4C5DD7}.Debug|x86.Build.0 = Debug|Win32
		{49CC5132-8577-4B60-AEBE-BF1D9E4C5DD7}.Release|x64.ActiveCfg = Release|x64
		{49CC5132-8577-4B60-AEBE-BF1D9E4C5DD7}.Release|x64.Build.0 = Release|x64
		{49CC5132-8577-4B60-AEBE-BF1D9E4C5DD7}.Release|x86.ActiveCfg = Release|Win32
		{49CC5132-8577-4B60-AEBE-BF1D9E4C5DD7}.Release|x86.Build.0 = Release|Win32
		{9314D2A1-9193-4775-ADFC-340F38C0C342}.Debug|x64.ActiveCfg = Debug|x64
		{9314D2A1-9193-4775-ADFC-340F38C0C342}.Debug|x64.Build.0 = Debug|x64
		{9314D2A1-9193-4775-ADFC-340F38C0C342}.Debug|x86.ActiveCfg = Debug|Win32
		{9314D2A1-9193-4775-ADFC-340F38C0C342}.Debug|x86.Build.0 = Debug|Win32
		{9314D2A1-9193-4775-ADFC-340F38C0C342}.Release|x64.ActiveCfg = Release|x64
		{9314D2A1-9193-4775-ADFC-340F38C0C342}.Release|x64.Build.0 = Release|x64
		{9314D2A1-9193-4775-ADFC-340F38C0C342}.Release|x86.ActiveCfg = Release|Win32
		{9314D2A1-9193-4775-ADFC-340F38C0C342}.Release|x86.Build.0 = Release|Win32
		{5D30AF69-A050-4EBE-B4E6-C4F2A417CAFC}.Debug|x64.ActiveCfg = Debug|x64
		{5D30AF69-A050-4EBE-B4E6-C4F2A417CAFC}.Debug|x64.Build.0 = Debug|x64
		{5D30AF69-A050-4EBE-B4E6-C4F2A417CAFC}.Debug|x86.ActiveCfg = Debug|Win32
		{5D30AF69-A050-4EBE-B4E6-C4F2A417CAFC}.Debug|x86.Build.0 = Debug|Win32
		{5D30AF69-A050-4EBE-B4E6-C4F2A417CAFC}.Release|x64.ActiveCfg = Release|x64
		{5D30AF69-A050-4EBE-B4E6-C4F2A417CAFC}.Release|x64.Build.0 = Release|x64
		{5D30AF69-A050-4EBE-B4E6-C4F2A417CAFC}.Release|x86.ActiveCfg = Release|Win32
		{5D30AF69-A050-4EBE-B4E6-C4F2A417CAFC}.Release|x86.Build.0 = Release|Win32
	EndGlobalSection
	GlobalSection(SolutionProperties) = preSolution
		HideSolutionNode = FALSE
	EndGlobalSection
EndGlobal
